# THIS IS AN AUTOGENERATED FILE. DO NOT EDIT THIS FILE DIRECTLY.
# yarn lockfile v1


dateformat@^3.0.3:
  version "3.0.3"
  resolved "https://registry.yarnpkg.com/dateformat/-/dateformat-3.0.3.tgz#a6e37499a4d9a9cf85ef5872044d62901c9889ae"
  integrity sha512-jyCETtSl3VMZMWeRo7iY1FL19ges1t55hMo5yaam4Jrsm5EPL89UQkoQRyiI+Yf4k8r2ZpdngkV8hr1lIdjb3Q==

github@^14.0.0:
  version "14.0.0"
  resolved "https://registry.yarnpkg.com/github/-/github-14.0.0.tgz#b707ed88c33cd05e155c785d289aa6229c59a850"
  integrity sha512-34/VqwhYGeYN0VHBSH49TmRWMF7emy32qjK6POiW47T/QI2u/cpuKsmrWt7a218ew/73dF4dQSJE68/HXdNfPw==

json-templater@^1.2.0:
  version "1.2.0"
  resolved "https://registry.yarnpkg.com/json-templater/-/json-templater-1.2.0.tgz#d12c96c7781d8451d623a8bee9b58f6901a8b15e"
  integrity sha512-u2l5PGQuLs6eoeAW6z7LOgyk17d7v4LutnO630ZQt1Nw9XxzepU4vD1HDlYV45d0aR3tBek4AK6GYWbEI0nhOQ==

mime@^2.4.4:
  version "2.4.4"
  resolved "https://registry.yarnpkg.com/mime/-/mime-2.4.4.tgz#bd7b91135fc6b01cde3e9bae33d659b63d8857e5"
  integrity sha512-LRxmNwziLPT828z+4YkNzloCFC2YM4wrB99k+AV5ZbEyfGNWfG8SO1FUXLmLDBSo89NrJZ4DIWeLjy1CHGhMGA==

mkdirp@^1.0.4:
  version "1.0.4"
  resolved "https://registry.yarnpkg.com/mkdirp/-/mkdirp-1.0.4.tgz#3eb5ed62622756d79a5f0e2a221dfebad75c2f7e"
  integrity sha512-vVqVZQyf3WLx2Shd0qJ9xuvqgAyKPLAiqITEtqW0oIUjzo3PePDd6fW9iFz30ef7Ysp/oiWqbhszeGWW2T6Gzw==

tweetnacl@^1.0.3:
  version "1.0.3"
  resolved "https://registry.yarnpkg.com/tweetnacl/-/tweetnacl-1.0.3.tgz#ac0af71680458d8a6378d0d0d050ab1407d35596"
  integrity sha512-6rt+RN7aOi1nGMyC4Xa5DdYiukl2UWCbcJft7YhxReBGQD7OAM8Pbxw6YMo4r2diNEA8FEmu32YOn9rhaiE5yw==
